
Microsoft Visual Studio Solution File, Format Version 12.00
# Visual Studio Version 16
VisualStudioVersion = 16.0.31321.278
MinimumVisualStudioVersion = 10.0.40219.1
Project("{FAE04EC0-301F-11D3-BF4B-00C04F79EFBC}") = "Campo Minado", "Campo Minado\Campo Minado.csproj", "{ABAD158C-DF1C-4773-B532-5CFFA25309C3}"
EndProject
Global
	GlobalSection(SolutionConfigurationPlatforms) = preSolution
		Debug|Any CPU = Debug|Any CPU
		Release|Any CPU = Release|Any CPU
	EndGlobalSection
	GlobalSection(ProjectConfigurationPlatforms) = postSolution
		{ABAD158C-DF1C-4773-B532-5CFFA25309C3}.Debug|Any CPU.ActiveCfg = Debug|Any CPU
		{ABAD158C-DF1C-4773-B532-5CFFA25309C3}.Debug|Any CPU.Build.0 = Debug|Any CPU
		{ABAD158C-DF1C-4773-B532-5CFFA25309C3}.Release|Any CPU.ActiveCfg = Release|Any CPU
		{ABAD158C-DF1C-4773-B532-5CFFA25309C3}.Release|Any CPU.Build.0 = Release|Any CPU
	EndGlobalSection
	GlobalSection(SolutionProperties) = preSolution
		HideSolutionNode = FALSE
	EndGlobalSection
	GlobalSection(ExtensibilityGlobals) = postSolution
		SolutionGuid = {6B3D6ADC-1DAF-49A2-A0D8-02438AEC3825}
	EndGlobalSection
EndGlobal
